
Microsoft Visual Studio Solution File, Format Version 12.00
# Visual Studio Version 17
VisualStudioVersion = 17.4.33205.214
MinimumVisualStudioVersion = 10.0.40219.1
Project("{FAE04EC0-301F-11D3-BF4B-00C04F79EFBC}") = "ContosoUniversity", "ContosoUniversity\ContosoUniversity.csproj", "{9DF8A6E6-C4B6-4B16-844C-E21AD840CEB2}"
EndProject
Global
	GlobalSection(SolutionConfigurationPlatforms) = preSolution
		Debug|Any CPU = Debug|Any CPU
		Release|Any CPU = Release|Any CPU
	EndGlobalSection
	GlobalSection(ProjectConfigurationPlatforms) = postSolution
		{9DF8A6E6-C4B6-4B16-844C-E21AD840CEB2}.Debug|Any CPU.ActiveCfg = Debug|Any CPU
		{9DF8A6E6-C4B6-4B16-844C-E21AD840CEB2}.Debug|Any CPU.Build.0 = Debug|Any CPU
		{9DF8A6E6-C4B6-4B16-844C-E21AD840CEB2}.Release|Any CPU.ActiveCfg = Release|Any CPU
		{9DF8A6E6-C4B6-4B16-844C-E21AD840CEB2}.Release|Any CPU.Build.0 = Release|Any CPU
	EndGlobalSection
	GlobalSection(SolutionProperties) = preSolution
		HideSolutionNode = FALSE
	EndGlobalSection
	GlobalSection(ExtensibilityGlobals) = postSolution
		SolutionGuid = {138C4C43-674F-4016-8A10-79F4821E8B0A}
	EndGlobalSection
EndGlobal
